// !$*UTF8*$!
{
	archiveVersion = 1;
	classes = {
	};
	objectVersion = 46;
	objects = {

/* Begin PBXBuildFile section */
		287992E91A80DB410028B09C /* AppDelegate.m in Sources */ = {isa = PBXBuildFile; fileRef = 287992E81A80DB410028B09C /* AppDelegate.m */; };
		287992F11A80DB480028B09C /* Movie.m in Sources */ = {isa = PBXBuildFile; fileRef = 287992EC1A80DB480028B09C /* Movie.m */; };
		287992F21A80DB480028B09C /* MoviesTableViewCell.m in Sources */ = {isa = PBXBuildFile; fileRef = 287992EE1A80DB480028B09C /* MoviesTableViewCell.m */; };
		287992F31A80DB480028B09C /* MoviesTableViewController.m in Sources */ = {isa = PBXBuildFile; fileRef = 287992F01A80DB480028B09C /* MoviesTableViewController.m */; };
		28C3B1601A78E40D0098CF7C /* main.m in Sources */ = {isa = PBXBuildFile; fileRef = 28C3B15F1A78E40D0098CF7C /* main.m */; };
		28C3B1691A78E40D0098CF7C /* Main.storyboard in Resources */ = {isa = PBXBuildFile; fileRef = 28C3B1671A78E40D0098CF7C /* Main.storyboard */; };
		28C3B16B1A78E40D0098CF7C /* Images.xcassets in Resources */ = {isa = PBXBuildFile; fileRef = 28C3B16A1A78E40D0098CF7C /* Images.xcassets */; };
		28C3B16E1A78E40D0098CF7C /* LaunchScreen.xib in Resources */ = {isa = PBXBuildFile; fileRef = 28C3B16C1A78E40D0098CF7C /* LaunchScreen.xib */; };
		28C3B17A1A78E40D0098CF7C /* CustomizingTableViewCellTests.m in Sources */ = {isa = PBXBuildFile; fileRef = 28C3B1791A78E40D0098CF7C /* CustomizingTableViewCellTests.m */; };
		28C3B1841A78E41A0098CF7C /* Foundation.framework in Frameworks */ = {isa = PBXBuildFile; fileRef = 28C3B1831A78E41A0098CF7C /* Foundation.framework */; };
		28C3B1861A78E4200098CF7C /* CoreGraphics.framework in Frameworks */ = {isa = PBXBuildFile; fileRef = 28C3B1851A78E4200098CF7C /* CoreGraphics.framework */; };
		28C3B1881A78E4270098CF7C /* UIKit.framework in Frameworks */ = {isa = PBXBuildFile; fileRef = 28C3B1871A78E4270098CF7C /* UIKit.framework */; };
		28C3B1A81A78EDE40098CF7C /* DedhIshquiya.jpg in Resources */ = {isa = PBXBuildFile; fileRef = 28C3B1A31A78EDE40098CF7C /* DedhIshquiya.jpg */; };
		28C3B1A91A78EDE40098CF7C /* Dhoom_poster.jpg in Resources */ = {isa = PBXBuildFile; fileRef = 28C3B1A41A78EDE40098CF7C /* Dhoom_poster.jpg */; };
		28C3B1AA1A78EDE40098CF7C /* HappyNewYear_Poster.jpg in Resources */ = {isa = PBXBuildFile; fileRef = 28C3B1A51A78EDE40098CF7C /* HappyNewYear_Poster.jpg */; };
		28C3B1AB1A78EDE40098CF7C /* LuckByChance_Poster.jpg in Resources */ = {isa = PBXBuildFile; fileRef = 28C3B1A61A78EDE40098CF7C /* LuckByChance_Poster.jpg */; };
		28C3B1AC1A78EDE40098CF7C /* VickyDonor_Poster.jpg in Resources */ = {isa = PBXBuildFile; fileRef = 28C3B1A71A78EDE40098CF7C /* VickyDonor_Poster.jpg */; };
/* End PBXBuildFile section */

/* Begin PBXContainerItemProxy section */
		28C3B1741A78E40D0098CF7C /* PBXContainerItemProxy */ = {
			isa = PBXContainerItemProxy;
			containerPortal = 28C3B1521A78E40D0098CF7C /* Project object */;
			proxyType = 1;
			remoteGlobalIDString = 28C3B1591A78E40D0098CF7C;
			remoteInfo = CustomizingTableViewCell;
		};
/* End PBXContainerItemProxy section */

/* Begin PBXFileReference section */
		287992E71A80DB410028B09C /* AppDelegate.h */ = {isa = PBXFileReference; fileEncoding = 4; lastKnownFileType = sourcecode.c.h; path = AppDelegate.h; sourceTree = "<group>"; };
		287992E81A80DB410028B09C /* AppDelegate.m */ = {isa = PBXFileReference; fileEncoding = 4; lastKnownFileType = sourcecode.c.objc; path = AppDelegate.m; sourceTree = "<group>"; };
		287992EB1A80DB480028B09C /* Movie.h */ = {isa = PBXFileReference; fileEncoding = 4; lastKnownFileType = sourcecode.c.h; path = Movie.h; sourceTree = "<group>"; };
		287992EC1A80DB480028B09C /* Movie.m */ = {isa = PBXFileReference; fileEncoding = 4; lastKnownFileType = sourcecode.c.objc; path = Movie.m; sourceTree = "<group>"; };
		287992ED1A80DB480028B09C /* MoviesTableViewCell.h */ = {isa = PBXFileReference; fileEncoding = 4; lastKnownFileType = sourcecode.c.h; path = MoviesTableViewCell.h; sourceTree = "<group>"; };
		287992EE1A80DB480028B09C /* MoviesTableViewCell.m */ = {isa = PBXFileReference; fileEncoding = 4; lastKnownFileType = sourcecode.c.objc; path = MoviesTableViewCell.m; sourceTree = "<group>"; };
		287992EF1A80DB480028B09C /* MoviesTableViewController.h */ = {isa = PBXFileReference; fileEncoding = 4; lastKnownFileType = sourcecode.c.h; path = MoviesTableViewController.h; sourceTree = "<group>"; };
		287992F01A80DB480028B09C /* MoviesTableViewController.m */ = {isa = PBXFileReference; fileEncoding = 4; lastKnownFileType = sourcecode.c.objc; path = MoviesTableViewController.m; sourceTree = "<group>"; };
		28C3B15A1A78E40D0098CF7C /* CustomizingTableViewCell.app */ = {isa = PBXFileReference; explicitFileType = wrapper.application; includeInIndex = 0; path = CustomizingTableViewCell.app; sourceTree = BUILT_PRODUCTS_DIR; };
		28C3B15E1A78E40D0098CF7C /* Info.plist */ = {isa = PBXFileReference; lastKnownFileType = text.plist.xml; path = Info.plist; sourceTree = "<group>"; };
		28C3B15F1A78E40D0098CF7C /* main.m */ = {isa = PBXFileReference; lastKnownFileType = sourcecode.c.objc; path = main.m; sourceTree = "<group>"; };
		28C3B1681A78E40D0098CF7C /* Base */ = {isa = PBXFileReference; lastKnownFileType = file.storyboard; name = Base; path = Base.lproj/Main.storyboard; sourceTree = "<group>"; };
		28C3B16A1A78E40D0098CF7C /* Images.xcassets */ = {isa = PBXFileReference; lastKnownFileType = folder.assetcatalog; path = Images.xcassets; sourceTree = "<group>"; };
		28C3B16D1A78E40D0098CF7C /* Base */ = {isa = PBXFileReference; lastKnownFileType = file.xib; name = Base; path = Base.lproj/LaunchScreen.xib; sourceTree = "<group>"; };
		28C3B1731A78E40D0098CF7C /* CustomizingTableViewCellTests.xctest */ = {isa = PBXFileReference; explicitFileType = wrapper.cfbundle; includeInIndex = 0; path = CustomizingTableViewCellTests.xctest; sourceTree = BUILT_PRODUCTS_DIR; };
		28C3B1781A78E40D0098CF7C /* Info.plist */ = {isa = PBXFileReference; lastKnownFileType = text.plist.xml; path = Info.plist; sourceTree = "<group>"; };
		28C3B1791A78E40D0098CF7C /* CustomizingTableViewCellTests.m */ = {isa = PBXFileReference; lastKnownFileType = sourcecode.c.objc; path = CustomizingTableViewCellTests.m; sourceTree = "<group>"; };
		28C3B1831A78E41A0098CF7C /* Foundation.framework */ = {isa = PBXFileReference; lastKnownFileType = wrapper.framework; name = Foundation.framework; path = System/Library/Frameworks/Foundation.framework; sourceTree = SDKROOT; };
		28C3B1851A78E4200098CF7C /* CoreGraphics.framework */ = {isa = PBXFileReference; lastKnownFileType = wrapper.framework; name = CoreGraphics.framework; path = System/Library/Frameworks/CoreGraphics.framework; sourceTree = SDKROOT; };
		28C3B1871A78E4270098CF7C /* UIKit.framework */ = {isa = PBXFileReference; lastKnownFileType = wrapper.framework; name = UIKit.framework; path = System/Library/Frameworks/UIKit.framework; sourceTree = SDKROOT; };
		28C3B1A31A78EDE40098CF7C /* DedhIshquiya.jpg */ = {isa = PBXFileReference; lastKnownFileType = image.jpeg; path = DedhIshquiya.jpg; sourceTree = "<group>"; };
		28C3B1A41A78EDE40098CF7C /* Dhoom_poster.jpg */ = {isa = PBXFileReference; lastKnownFileType = image.jpeg; path = Dhoom_poster.jpg; sourceTree = "<group>"; };
		28C3B1A51A78EDE40098CF7C /* HappyNewYear_Poster.jpg */ = {isa = PBXFileReference; lastKnownFileType = image.jpeg; path = HappyNewYear_Poster.jpg; sourceTree = "<group>"; };
		28C3B1A61A78EDE40098CF7C /* LuckByChance_Poster.jpg */ = {isa = PBXFileReference; lastKnownFileType = image.jpeg; path = LuckByChance_Poster.jpg; sourceTree = "<group>"; };
		28C3B1A71A78EDE40098CF7C /* VickyDonor_Poster.jpg */ = {isa = PBXFileReference; lastKnownFileType = image.jpeg; path = VickyDonor_Poster.jpg; sourceTree = "<group>"; };
/* End PBXFileReference section */

/* Begin PBXFrameworksBuildPhase section */
		28C3B1571A78E40D0098CF7C /* Frameworks */ = {
			isa = PBXFrameworksBuildPhase;
			buildActionMask = 2147483647;
			files = (
				28C3B1881A78E4270098CF7C /* UIKit.framework in Frameworks */,
				28C3B1861A78E4200098CF7C /* CoreGraphics.framework in Frameworks */,
				28C3B1841A78E41A0098CF7C /* Foundation.framework in Frameworks */,
			);
			runOnlyForDeploymentPostprocessing = 0;
		};
		28C3B1701A78E40D0098CF7C /* Frameworks */ = {
			isa = PBXFrameworksBuildPhase;
			buildActionMask = 2147483647;
			files = (
			);
			runOnlyForDeploymentPostprocessing = 0;
		};
/* End PBXFrameworksBuildPhase section */

/* Begin PBXGroup section */
		287992A51A80BC9E0028B09C /* Frameworks */ = {
			isa = PBXGroup;
			children = (
				28C3B1831A78E41A0098CF7C /* Foundation.framework */,
				28C3B1851A78E4200098CF7C /* CoreGraphics.framework */,
				28C3B1871A78E4270098CF7C /* UIKit.framework */,
			);
			name = Frameworks;
			path = ../Frameworks;
			sourceTree = "<group>";
		};
		287992E61A80DB410028B09C /* AppDelegate */ = {
			isa = PBXGroup;
			children = (
				287992E71A80DB410028B09C /* AppDelegate.h */,
				287992E81A80DB410028B09C /* AppDelegate.m */,
			);
			path = AppDelegate;
			sourceTree = SOURCE_ROOT;
		};
		287992EA1A80DB480028B09C /* Main ViewController */ = {
			isa = PBXGroup;
			children = (
				287992EB1A80DB480028B09C /* Movie.h */,
				287992EC1A80DB480028B09C /* Movie.m */,
				287992ED1A80DB480028B09C /* MoviesTableViewCell.h */,
				287992EE1A80DB480028B09C /* MoviesTableViewCell.m */,
				287992EF1A80DB480028B09C /* MoviesTableViewController.h */,
				287992F01A80DB480028B09C /* MoviesTableViewController.m */,
			);
			path = "Main ViewController";
			sourceTree = SOURCE_ROOT;
		};
		28C3B1511A78E40D0098CF7C = {
			isa = PBXGroup;
			children = (
				28C3B15C1A78E40D0098CF7C /* CustomizingTableViewCell */,
				28C3B1761A78E40D0098CF7C /* CustomizingTableViewCellTests */,
				28C3B15B1A78E40D0098CF7C /* Products */,
			);
			sourceTree = "<group>";
		};
		28C3B15B1A78E40D0098CF7C /* Products */ = {
			isa = PBXGroup;
			children = (
				28C3B15A1A78E40D0098CF7C /* CustomizingTableViewCell.app */,
				28C3B1731A78E40D0098CF7C /* CustomizingTableViewCellTests.xctest */,
			);
			name = Products;
			sourceTree = "<group>";
		};
		28C3B15C1A78E40D0098CF7C /* CustomizingTableViewCell */ = {
			isa = PBXGroup;
			children = (
				287992E61A80DB410028B09C /* AppDelegate */,
				287992EA1A80DB480028B09C /* Main ViewController */,
				28C3B1671A78E40D0098CF7C /* Main.storyboard */,
				28C3B16A1A78E40D0098CF7C /* Images.xcassets */,
				28C3B16C1A78E40D0098CF7C /* LaunchScreen.xib */,
				287992A51A80BC9E0028B09C /* Frameworks */,
				28C3B15D1A78E40D0098CF7C /* Supporting Files */,
			);
			path = CustomizingTableViewCell;
			sourceTree = "<group>";
		};
		28C3B15D1A78E40D0098CF7C /* Supporting Files */ = {
			isa = PBXGroup;
			children = (
				28C3B1A21A78EDE40098CF7C /* MoviesPoster */,
				28C3B15E1A78E40D0098CF7C /* Info.plist */,
				28C3B15F1A78E40D0098CF7C /* main.m */,
			);
			name = "Supporting Files";
			sourceTree = "<group>";
		};
		28C3B1761A78E40D0098CF7C /* CustomizingTableViewCellTests */ = {
			isa = PBXGroup;
			children = (
				28C3B1791A78E40D0098CF7C /* CustomizingTableViewCellTests.m */,
				28C3B1771A78E40D0098CF7C /* Supporting Files */,
			);
			path = CustomizingTableViewCellTests;
			sourceTree = "<group>";
		};
		28C3B1771A78E40D0098CF7C /* Supporting Files */ = {
			isa = PBXGroup;
			children = (
				28C3B1781A78E40D0098CF7C /* Info.plist */,
			);
			name = "Supporting Files";
			sourceTree = "<group>";
		};
		28C3B1A21A78EDE40098CF7C /* MoviesPoster */ = {
			isa = PBXGroup;
			children = (
				28C3B1A31A78EDE40098CF7C /* DedhIshquiya.jpg */,
				28C3B1A41A78EDE40098CF7C /* Dhoom_poster.jpg */,
				28C3B1A51A78EDE40098CF7C /* HappyNewYear_Poster.jpg */,
				28C3B1A61A78EDE40098CF7C /* LuckByChance_Poster.jpg */,
				28C3B1A71A78EDE40098CF7C /* VickyDonor_Poster.jpg */,
			);
			path = MoviesPoster;
			sourceTree = "<group>";
		};
/* End PBXGroup section */

/* Begin PBXNativeTarget section */
		28C3B1591A78E40D0098CF7C /* CustomizingTableViewCell */ = {
			isa = PBXNativeTarget;
			buildConfigurationList = 28C3B17D1A78E40D0098CF7C /* Build configuration list for PBXNativeTarget "CustomizingTableViewCell" */;
			buildPhases = (
				28C3B1561A78E40D0098CF7C /* Sources */,
				28C3B1571A78E40D0098CF7C /* Frameworks */,
				28C3B1581A78E40D0098CF7C /* Resources */,
			);
			buildRules = (
			);
			dependencies = (
			);
			name = CustomizingTableViewCell;
			productName = CustomizingTableViewCell;
			productReference = 28C3B15A1A78E40D0098CF7C /* CustomizingTableViewCell.app */;
			productType = "com.apple.product-type.application";
		};
		28C3B1721A78E40D0098CF7C /* CustomizingTableViewCellTests */ = {
			isa = PBXNativeTarget;
			buildConfigurationList = 28C3B1801A78E40D0098CF7C /* Build configuration list for PBXNativeTarget "CustomizingTableViewCellTests" */;
			buildPhases = (
				28C3B16F1A78E40D0098CF7C /* Sources */,
				28C3B1701A78E40D0098CF7C /* Frameworks */,
				28C3B1711A78E40D0098CF7C /* Resources */,
			);
			buildRules = (
			);
			dependencies = (
				28C3B1751A78E40D0098CF7C /* PBXTargetDependency */,
			);
			name = CustomizingTableViewCellTests;
			productName = CustomizingTableViewCellTests;
			productReference = 28C3B1731A78E40D0098CF7C /* CustomizingTableViewCellTests.xctest */;
			productType = "com.apple.product-type.bundle.unit-test";
		};
/* End PBXNativeTarget section */

/* Begin PBXProject section */
		28C3B1521A78E40D0098CF7C /* Project object */ = {
			isa = PBXProject;
			attributes = {
				LastUpgradeCheck = 0610;
				ORGANIZATIONNAME = com.ms;
				TargetAttributes = {
					28C3B1591A78E40D0098CF7C = {
						CreatedOnToolsVersion = 6.1.1;
					};
					28C3B1721A78E40D0098CF7C = {
						CreatedOnToolsVersion = 6.1.1;
						TestTargetID = 28C3B1591A78E40D0098CF7C;
					};
				};
			};
			buildConfigurationList = 28C3B1551A78E40D0098CF7C /* Build configuration list for PBXProject "CustomizingTableViewCell" */;
			compatibilityVersion = "Xcode 3.2";
			developmentRegion = English;
			hasScannedForEncodings = 0;
			knownRegions = (
				en,
				Base,
			);
			mainGroup = 28C3B1511A78E40D0098CF7C;
			productRefGroup = 28C3B15B1A78E40D0098CF7C /* Products */;
			projectDirPath = "";
			projectRoot = "";
			targets = (
				28C3B1591A78E40D0098CF7C /* CustomizingTableViewCell */,
				28C3B1721A78E40D0098CF7C /* CustomizingTableViewCellTests */,
			);
		};
/* End PBXProject section */

/* Begin PBXResourcesBuildPhase section */
		28C3B1581A78E40D0098CF7C /* Resources */ = {
			isa = PBXResourcesBuildPhase;
			buildActionMask = 2147483647;
			files = (
				28C3B1AC1A78EDE40098CF7C /* VickyDonor_Poster.jpg in Resources */,
				28C3B1691A78E40D0098CF7C /* Main.storyboard in Resources */,
				28C3B1A91A78EDE40098CF7C /* Dhoom_poster.jpg in Resources */,
				28C3B1A81A78EDE40098CF7C /* DedhIshquiya.jpg in Resources */,
				28C3B1AB1A78EDE40098CF7C /* LuckByChance_Poster.jpg in Resources */,
				28C3B1AA1A78EDE40098CF7C /* HappyNewYear_Poster.jpg in Resources */,
				28C3B16E1A78E40D0098CF7C /* LaunchScreen.xib in Resources */,
				28C3B16B1A78E40D0098CF7C /* Images.xcassets in Resources */,
			);
			runOnlyForDeploymentPostprocessing = 0;
		};
		28C3B1711A78E40D0098CF7C /* Resources */ = {
			isa = PBXResourcesBuildPhase;
			buildActionMask = 2147483647;
			files = (
			);
			runOnlyForDeploymentPostprocessing = 0;
		};
/* End PBXResourcesBuildPhase section */

/* Begin PBXSourcesBuildPhase section */
		28C3B1561A78E40D0098CF7C /* Sources */ = {
			isa = PBXSourcesBuildPhase;
			buildActionMask = 2147483647;
			files = (
				287992F11A80DB480028B09C /* Movie.m in Sources */,
				287992E91A80DB410028B09C /* AppDelegate.m in Sources */,
				287992F21A80DB480028B09C /* MoviesTableViewCell.m in Sources */,
				28C3B1601A78E40D0098CF7C /* main.m in Sources */,
				287992F31A80DB480028B09C /* MoviesTableViewController.m in Sources */,
			);
			runOnlyForDeploymentPostprocessing = 0;
		};
		28C3B16F1A78E40D0098CF7C /* Sources */ = {
			isa = PBXSourcesBuildPhase;
			buildActionMask = 2147483647;
			files = (
				28C3B17A1A78E40D0098CF7C /* CustomizingTableViewCellTests.m in Sources */,
			);
			runOnlyForDeploymentPostprocessing = 0;
		};
/* End PBXSourcesBuildPhase section */

/* Begin PBXTargetDependency section */
		28C3B1751A78E40D0098CF7C /* PBXTargetDependency */ = {
			isa = PBXTargetDependency;
			target = 28C3B1591A78E40D0098CF7C /* CustomizingTableViewCell */;
			targetProxy = 28C3B1741A78E40D0098CF7C /* PBXContainerItemProxy */;
		};
/* End PBXTargetDependency section */

/* Begin PBXVariantGroup section */
		28C3B1671A78E40D0098CF7C /* Main.storyboard */ = {
			isa = PBXVariantGroup;
			children = (
				28C3B1681A78E40D0098CF7C /* Base */,
			);
			name = Main.storyboard;
			sourceTree = "<group>";
		};
		28C3B16C1A78E40D0098CF7C /* LaunchScreen.xib */ = {
			isa = PBXVariantGroup;
			children = (
				28C3B16D1A78E40D0098CF7C /* Base */,
			);
			name = LaunchScreen.xib;
			sourceTree = "<group>";
		};
/* End PBXVariantGroup section */

/* Begin XCBuildConfiguration section */
		28C3B17B1A78E40D0098CF7C /* Debug */ = {
			isa = XCBuildConfiguration;
			buildSettings = {
				ALWAYS_SEARCH_USER_PATHS = NO;
				CLANG_CXX_LANGUAGE_STANDARD = "gnu++0x";
				CLANG_CXX_LIBRARY = "libc++";
				CLANG_ENABLE_MODULES = YES;
				CLANG_ENABLE_OBJC_ARC = YES;
				CLANG_WARN_BOOL_CONVERSION = YES;
				CLANG_WARN_CONSTANT_CONVERSION = YES;
				CLANG_WARN_DIRECT_OBJC_ISA_USAGE = YES_ERROR;
				CLANG_WARN_EMPTY_BODY = YES;
				CLANG_WARN_ENUM_CONVERSION = YES;
				CLANG_WARN_INT_CONVERSION = YES;
				CLANG_WARN_OBJC_ROOT_CLASS = YES_ERROR;
				CLANG_WARN_UNREACHABLE_CODE = YES;
				CLANG_WARN__DUPLICATE_METHOD_MATCH = YES;
				"CODE_SIGN_IDENTITY[sdk=iphoneos*]" = "iPhone Developer";
				COPY_PHASE_STRIP = NO;
				ENABLE_STRICT_OBJC_MSGSEND = YES;
				GCC_C_LANGUAGE_STANDARD = gnu99;
				GCC_DYNAMIC_NO_PIC = NO;
				GCC_OPTIMIZATION_LEVEL = 0;
				GCC_PREPROCESSOR_DEFINITIONS = (
					"DEBUG=1",
					"$(inherited)",
				);
				GCC_SYMBOLS_PRIVATE_EXTERN = NO;
				GCC_WARN_64_TO_32_BIT_CONVERSION = YES;
				GCC_WARN_ABOUT_RETURN_TYPE = YES_ERROR;
				GCC_WARN_UNDECLARED_SELECTOR = YES;
				GCC_WARN_UNINITIALIZED_AUTOS = YES_AGGRESSIVE;
				GCC_WARN_UNUSED_FUNCTION = YES;
				GCC_WARN_UNUSED_VARIABLE = YES;
				IPHONEOS_DEPLOYMENT_TARGET = 8.1;
				MTL_ENABLE_DEBUG_INFO = YES;
				ONLY_ACTIVE_ARCH = YES;
				SDKROOT = iphoneos;
			};
			name = Debug;
		};
		28C3B17C1A78E40D0098CF7C /* Release */ = {
			isa = XCBuildConfiguration;
			buildSettings = {
				ALWAYS_SEARCH_USER_PATHS = NO;
				CLANG_CXX_LANGUAGE_STANDARD = "gnu++0x";
				CLANG_CXX_LIBRARY = "libc++";
				CLANG_ENABLE_MODULES = YES;
				CLANG_ENABLE_OBJC_ARC = YES;
				CLANG_WARN_BOOL_CONVERSION = YES;
				CLANG_WARN_CONSTANT_CONVERSION = YES;
				CLANG_WARN_DIRECT_OBJC_ISA_USAGE = YES_ERROR;
				CLANG_WARN_EMPTY_BODY = YES;
				CLANG_WARN_ENUM_CONVERSION = YES;
				CLANG_WARN_INT_CONVERSION = YES;
				CLANG_WARN_OBJC_ROOT_CLASS = YES_ERROR;
				CLANG_WARN_UNREACHABLE_CODE = YES;
				CLANG_WARN__DUPLICATE_METHOD_MATCH = YES;
				"CODE_SIGN_IDENTITY[sdk=iphoneos*]" = "iPhone Developer";
				COPY_PHASE_STRIP = YES;
				ENABLE_NS_ASSERTIONS = NO;
				ENABLE_STRICT_OBJC_MSGSEND = YES;
				GCC_C_LANGUAGE_STANDARD = gnu99;
				GCC_WARN_64_TO_32_BIT_CONVERSION = YES;
				GCC_WARN_ABOUT_RETURN_TYPE = YES_ERROR;
				GCC_WARN_UNDECLARED_SELECTOR = YES;
				GCC_WARN_UNINITIALIZED_AUTOS = YES_AGGRESSIVE;
				GCC_WARN_UNUSED_FUNCTION = YES;
				GCC_WARN_UNUSED_VARIABLE = YES;
				IPHONEOS_DEPLOYMENT_TARGET = 8.1;
				MTL_ENABLE_DEBUG_INFO = NO;
				SDKROOT = iphoneos;
				VALIDATE_PRODUCT = YES;
			};
			name = Release;
		};
		28C3B17E1A78E40D0098CF7C /* Debug */ = {
			isa = XCBuildConfiguration;
			buildSettings = {
				ASSETCATALOG_COMPILER_APPICON_NAME = AppIcon;
				INFOPLIST_FILE = CustomizingTableViewCell/Info.plist;
				LD_RUNPATH_SEARCH_PATHS = "$(inherited) @executable_path/Frameworks";
				PRODUCT_NAME = "$(TARGET_NAME)";
			};
			name = Debug;
		};
		28C3B17F1A78E40D0098CF7C /* Release */ = {
			isa = XCBuildConfiguration;
			buildSettings = {
				ASSETCATALOG_COMPILER_APPICON_NAME = AppIcon;
				INFOPLIST_FILE = CustomizingTableViewCell/Info.plist;
				LD_RUNPATH_SEARCH_PATHS = "$(inherited) @executable_path/Frameworks";
				PRODUCT_NAME = "$(TARGET_NAME)";
			};
			name = Release;
		};
		28C3B1811A78E40D0098CF7C /* Debug */ = {
			isa = XCBuildConfiguration;
			buildSettings = {
				BUNDLE_LOADER = "$(TEST_HOST)";
				FRAMEWORK_SEARCH_PATHS = (
					"$(SDKROOT)/Developer/Library/Frameworks",
					"$(inherited)",
				);
				GCC_PREPROCESSOR_DEFINITIONS = (
					"DEBUG=1",
					"$(inherited)",
				);
				INFOPLIST_FILE = CustomizingTableViewCellTests/Info.plist;
				LD_RUNPATH_SEARCH_PATHS = "$(inherited) @executable_path/Frameworks @loader_path/Frameworks";
				PRODUCT_NAME = "$(TARGET_NAME)";
				TEST_HOST = "$(BUILT_PRODUCTS_DIR)/CustomizingTableViewCell.app/CustomizingTableViewCell";
			};
			name = Debug;
		};
		28C3B1821A78E40D0098CF7C /* Release */ = {
			isa = XCBuildConfiguration;
			buildSettings = {
				BUNDLE_LOADER = "$(TEST_HOST)";
				FRAMEWORK_SEARCH_PATHS = (
					"$(SDKROOT)/Developer/Library/Frameworks",
					"$(inherited)",
				);
				INFOPLIST_FILE = CustomizingTableViewCellTests/Info.plist;
				LD_RUNPATH_SEARCH_PATHS = "$(inherited) @executable_path/Frameworks @loader_path/Frameworks";
				PRODUCT_NAME = "$(TARGET_NAME)";
				TEST_HOST = "$(BUILT_PRODUCTS_DIR)/CustomizingTableViewCell.app/CustomizingTableViewCell";
			};
			name = Release;
		};
/* End XCBuildConfiguration section */

/* Begin XCConfigurationList section */
		28C3B1551A78E40D0098CF7C /* Build configuration list for PBXProject "CustomizingTableViewCell" */ = {
			isa = XCConfigurationList;
			buildConfigurations = (
				28C3B17B1A78E40D0098CF7C /* Debug */,
				28C3B17C1A78E40D0098CF7C /* Release */,
			);
			defaultConfigurationIsVisible = 0;
			defaultConfigurationName = Release;
		};
		28C3B17D1A78E40D0098CF7C /* Build configuration list for PBXNativeTarget "CustomizingTableViewCell" */ = {
			isa = XCConfigurationList;
			buildConfigurations = (
				28C3B17E1A78E40D0098CF7C /* Debug */,
				28C3B17F1A78E40D0098CF7C /* Release */,
			);
			defaultConfigurationIsVisible = 0;
			defaultConfigurationName = Release;
		};
		28C3B1801A78E40D0098CF7C /* Build configuration list for PBXNativeTarget "CustomizingTableViewCellTests" */ = {
			isa = XCConfigurationList;
			buildConfigurations = (
				28C3B1811A78E40D0098CF7C /* Debug */,
				28C3B1821A78E40D0098CF7C /* Release */,
			);
			defaultConfigurationIsVisible = 0;
			defaultConfigurationName = Release;
		};
/* End XCConfigurationList section */
	};
	rootObject = 28C3B1521A78E40D0098CF7C /* Project object */;
}
